PODS:
  - Realm (3.14.1):
    - Realm/Headers (= 3.14.1)
  - Realm/Headers (3.14.1)
  - RealmSwift (3.14.1):
    - Realm (= 3.14.1)

DEPENDENCIES:
  - RealmSwift (= 3.14.1)

SPEC REPOS:
  trunk:
    - Realm
    - RealmSwift

SPEC CHECKSUMS:
  Realm: e12c9c2387d05c5bba3a9c394838f5870e85763b
  RealmSwift: a82eab9b04c3e1616082c7e17aa300740847769c

PODFILE CHECKSUM: 883e1035a6a3e9736a9c44ac77771c802d449498

COCOAPODS: 1.10.1
