// !$*UTF8*$!
{
	archiveVersion = 1;
	classes = {
	};
	objectVersion = 51;
	objects = {

/* Begin PBXBuildFile section */
		BD058D30C2EB436C5D7D3F46 /* Pods_Projector.framework in Frameworks */ = {isa = PBXBuildFile; fileRef = 04B28B8FF43C6234BB7EFB79 /* Pods_Projector.framework */; };
		CF02D7AF256D9606001B522F /* StepNumbersCV.swift in Sources */ = {isa = PBXBuildFile; fileRef = CF02D7AE256D9606001B522F /* StepNumbersCV.swift */; };
		CF0C17E5242F9790000FB582 /* ProgressModel.swift in Sources */ = {isa = PBXBuildFile; fileRef = CF0C17E4242F9790000FB582 /* ProgressModel.swift */; };
		CF0DD7DB2450212A0028ABB1 /* DetailStepCell.swift in Sources */ = {isa = PBXBuildFile; fileRef = CF0DD7DA2450212A0028ABB1 /* DetailStepCell.swift */; };
		CF0DD7DF2451E8780028ABB1 /* StepImagesCV.swift in Sources */ = {isa = PBXBuildFile; fileRef = CF0DD7DE2451E8780028ABB1 /* StepImagesCV.swift */; };
		CF0DD7E124520CCB0028ABB1 /* StepStackView.swift in Sources */ = {isa = PBXBuildFile; fileRef = CF0DD7E024520CCB0028ABB1 /* StepStackView.swift */; };
		CF13D0EE24C891A8002FCCE1 /* EditStepVC.swift in Sources */ = {isa = PBXBuildFile; fileRef = CF13D0ED24C891A8002FCCE1 /* EditStepVC.swift */; };
		CF1C51E2244F682200FBD1CE /* StepViewController.swift in Sources */ = {isa = PBXBuildFile; fileRef = CF1C51E1244F682200FBD1CE /* StepViewController.swift */; };
		CF24E681242D1BAD00EEA027 /* Restore.swift in Sources */ = {isa = PBXBuildFile; fileRef = CF24E680242D1BAD00EEA027 /* Restore.swift */; };
		CF24FBE32439AE260040D9F8 /* NewProjectCateg.swift in Sources */ = {isa = PBXBuildFile; fileRef = CF24FBE22439AE260040D9F8 /* NewProjectCateg.swift */; };
		CF279E362464115B00B79978 /* StepAddItemCell.swift in Sources */ = {isa = PBXBuildFile; fileRef = CF279E352464115B00B79978 /* StepAddItemCell.swift */; };
		CF27A0652548B5C4007D06D3 /* SketchShadowExtension.swift in Sources */ = {isa = PBXBuildFile; fileRef = CF27A0642548B5C4007D06D3 /* SketchShadowExtension.swift */; };
		CF27A06D254D7449007D06D3 /* CustomTabBarController.swift in Sources */ = {isa = PBXBuildFile; fileRef = CF27A06C254D7449007D06D3 /* CustomTabBarController.swift */; };
		CF27A06F254DA092007D06D3 /* Assets.xcassets in Resources */ = {isa = PBXBuildFile; fileRef = CF27A06E254DA091007D06D3 /* Assets.xcassets */; };
		CF27A073254E0158007D06D3 /* ProjectNumbers.swift in Sources */ = {isa = PBXBuildFile; fileRef = CF27A072254E0158007D06D3 /* ProjectNumbers.swift */; };
		CF2C1297237766A700F3132A /* DetailViewController.swift in Sources */ = {isa = PBXBuildFile; fileRef = CF2C1292237766A700F3132A /* DetailViewController.swift */; };
		CF2C1298237766A700F3132A /* MainViewController.swift in Sources */ = {isa = PBXBuildFile; fileRef = CF2C1293237766A700F3132A /* MainViewController.swift */; };
		CF2C1299237766A700F3132A /* AppDelegate.swift in Sources */ = {isa = PBXBuildFile; fileRef = CF2C1294237766A700F3132A /* AppDelegate.swift */; };
		CF2C129A237766A700F3132A /* NewProjectVC.swift in Sources */ = {isa = PBXBuildFile; fileRef = CF2C1295237766A700F3132A /* NewProjectVC.swift */; };
		CF321C15245D43D2005CC10E /* StepImages.swift in Sources */ = {isa = PBXBuildFile; fileRef = CF321C14245D43D2005CC10E /* StepImages.swift */; };
		CF3712CF23740BAE00B2D593 /* Main.storyboard in Resources */ = {isa = PBXBuildFile; fileRef = CF3712CD23740BAE00B2D593 /* Main.storyboard */; };
		CF3712D423740BB200B2D593 /* LaunchScreen.storyboard in Resources */ = {isa = PBXBuildFile; fileRef = CF3712D223740BB200B2D593 /* LaunchScreen.storyboard */; };
		CF594361252BA2F20036641B /* RecentActivitiesCV.swift in Sources */ = {isa = PBXBuildFile; fileRef = CF594360252BA2F10036641B /* RecentActivitiesCV.swift */; };
		CF5943632531B1700036641B /* ViewByCategoryCV.swift in Sources */ = {isa = PBXBuildFile; fileRef = CF5943622531B1700036641B /* ViewByCategoryCV.swift */; };
		CF594365253215670036641B /* StatisticsStackView.swift in Sources */ = {isa = PBXBuildFile; fileRef = CF594364253215670036641B /* StatisticsStackView.swift */; };
		CF5A91E7255DB6AB00FB605B /* NewProjectViewController.swift in Sources */ = {isa = PBXBuildFile; fileRef = CF5A91E6255DB6AB00FB605B /* NewProjectViewController.swift */; };
		CF5C683E2552F86600EA6E79 /* PinterestLayout.swift in Sources */ = {isa = PBXBuildFile; fileRef = CF5C683D2552F86600EA6E79 /* PinterestLayout.swift */; };
		CF5C6840255324F000EA6E79 /* PinterestOriginal.swift in Sources */ = {isa = PBXBuildFile; fileRef = CF5C683F255324F000EA6E79 /* PinterestOriginal.swift */; };
		CF72D3902467E86F007FA034 /* StepItemViewController.swift in Sources */ = {isa = PBXBuildFile; fileRef = CF72D38F2467E86F007FA034 /* StepItemViewController.swift */; };
		CF7ECB7624634B47006CC7FF /* StepAddItem.swift in Sources */ = {isa = PBXBuildFile; fileRef = CF7ECB7524634B47006CC7FF /* StepAddItem.swift */; };
		CF8792BA247A869C007EBD30 /* ClosureExample.swift in Sources */ = {isa = PBXBuildFile; fileRef = CF8792B9247A869C007EBD30 /* ClosureExample.swift */; };
		CF888DA42427D01A00312407 /* FeaturedAppsController.swift in Sources */ = {isa = PBXBuildFile; fileRef = CF888DA32427D01A00312407 /* FeaturedAppsController.swift */; };
		CF9DA837244C597300DFAEEF /* DetailViewCateg.swift in Sources */ = {isa = PBXBuildFile; fileRef = CF9DA836244C597300DFAEEF /* DetailViewCateg.swift */; };
		CF9DA839244C8C1200DFAEEF /* DetailTableViewRestoreFile.swift in Sources */ = {isa = PBXBuildFile; fileRef = CF9DA838244C8C1200DFAEEF /* DetailTableViewRestoreFile.swift */; };
		CF9DA83B244C920800DFAEEF /* DetailViewSteps.swift in Sources */ = {isa = PBXBuildFile; fileRef = CF9DA83A244C920800DFAEEF /* DetailViewSteps.swift */; };
		CF9DA83D244E182E00DFAEEF /* workVersionDetailVC.swift in Sources */ = {isa = PBXBuildFile; fileRef = CF9DA83C244E182E00DFAEEF /* workVersionDetailVC.swift */; };
		CFA5878B242883A6006367AE /* CategoryCell.swift in Sources */ = {isa = PBXBuildFile; fileRef = CFA5878A242883A6006367AE /* CategoryCell.swift */; };
		CFB3B29923741214002E2F9B /* ProjectList.swift in Sources */ = {isa = PBXBuildFile; fileRef = CFB3B29823741214002E2F9B /* ProjectList.swift */; };
		CFB3B29B2374177E002E2F9B /* ProjectStep.swift in Sources */ = {isa = PBXBuildFile; fileRef = CFB3B29A2374177E002E2F9B /* ProjectStep.swift */; };
		CFB5E205244883F400E304EC /* DetailProjectData.swift in Sources */ = {isa = PBXBuildFile; fileRef = CFB5E204244883F400E304EC /* DetailProjectData.swift */; };
		CFBB7C0F24574F4D00B14349 /* StepCategory.swift in Sources */ = {isa = PBXBuildFile; fileRef = CFBB7C0E24574F4D00B14349 /* StepCategory.swift */; };
		CFBEB8A323C23176001E96B9 /* ProjectListRepo.swift in Sources */ = {isa = PBXBuildFile; fileRef = CFBEB8A223C23176001E96B9 /* ProjectListRepo.swift */; };
		CFCE6D182389984F003A7EFE /* DetailViewCell.swift in Sources */ = {isa = PBXBuildFile; fileRef = CFCE6D172389984F003A7EFE /* DetailViewCell.swift */; };
		CFCE6D1A2389B852003A7EFE /* NewStepVC.swift in Sources */ = {isa = PBXBuildFile; fileRef = CFCE6D192389B852003A7EFE /* NewStepVC.swift */; };
/* End PBXBuildFile section */

/* Begin PBXFileReference section */
		020AF287354E46ED7A1A1D79 /* Pods-Projector.debug.xcconfig */ = {isa = PBXFileReference; includeInIndex = 1; lastKnownFileType = text.xcconfig; name = "Pods-Projector.debug.xcconfig"; path = "Target Support Files/Pods-Projector/Pods-Projector.debug.xcconfig"; sourceTree = "<group>"; };
		04B28B8FF43C6234BB7EFB79 /* Pods_Projector.framework */ = {isa = PBXFileReference; explicitFileType = wrapper.framework; includeInIndex = 0; path = Pods_Projector.framework; sourceTree = BUILT_PRODUCTS_DIR; };
		08D7CF4AF407F88049378636 /* Pods-Projector.release.xcconfig */ = {isa = PBXFileReference; includeInIndex = 1; lastKnownFileType = text.xcconfig; name = "Pods-Projector.release.xcconfig"; path = "Target Support Files/Pods-Projector/Pods-Projector.release.xcconfig"; sourceTree = "<group>"; };
		CF02D7AE256D9606001B522F /* StepNumbersCV.swift */ = {isa = PBXFileReference; lastKnownFileType = sourcecode.swift; path = StepNumbersCV.swift; sourceTree = "<group>"; };
		CF0C17E4242F9790000FB582 /* ProgressModel.swift */ = {isa = PBXFileReference; lastKnownFileType = sourcecode.swift; path = ProgressModel.swift; sourceTree = "<group>"; };
		CF0DD7DA2450212A0028ABB1 /* DetailStepCell.swift */ = {isa = PBXFileReference; lastKnownFileType = sourcecode.swift; path = DetailStepCell.swift; sourceTree = "<group>"; };
		CF0DD7DE2451E8780028ABB1 /* StepImagesCV.swift */ = {isa = PBXFileReference; lastKnownFileType = sourcecode.swift; path = StepImagesCV.swift; sourceTree = "<group>"; };
		CF0DD7E024520CCB0028ABB1 /* StepStackView.swift */ = {isa = PBXFileReference; lastKnownFileType = sourcecode.swift; path = StepStackView.swift; sourceTree = "<group>"; };
		CF13D0ED24C891A8002FCCE1 /* EditStepVC.swift */ = {isa = PBXFileReference; lastKnownFileType = sourcecode.swift; path = EditStepVC.swift; sourceTree = "<group>"; };
		CF1C51E1244F682200FBD1CE /* StepViewController.swift */ = {isa = PBXFileReference; lastKnownFileType = sourcecode.swift; path = StepViewController.swift; sourceTree = "<group>"; };
		CF24E680242D1BAD00EEA027 /* Restore.swift */ = {isa = PBXFileReference; lastKnownFileType = sourcecode.swift; path = Restore.swift; sourceTree = "<group>"; };
		CF24FBE22439AE260040D9F8 /* NewProjectCateg.swift */ = {isa = PBXFileReference; lastKnownFileType = sourcecode.swift; path = NewProjectCateg.swift; sourceTree = "<group>"; };
		CF279E352464115B00B79978 /* StepAddItemCell.swift */ = {isa = PBXFileReference; lastKnownFileType = sourcecode.swift; path = StepAddItemCell.swift; sourceTree = "<group>"; };
		CF27A0642548B5C4007D06D3 /* SketchShadowExtension.swift */ = {isa = PBXFileReference; lastKnownFileType = sourcecode.swift; path = SketchShadowExtension.swift; sourceTree = "<group>"; };
		CF27A06C254D7449007D06D3 /* CustomTabBarController.swift */ = {isa = PBXFileReference; lastKnownFileType = sourcecode.swift; path = CustomTabBarController.swift; sourceTree = "<group>"; };
		CF27A06E254DA091007D06D3 /* Assets.xcassets */ = {isa = PBXFileReference; lastKnownFileType = folder.assetcatalog; name = Assets.xcassets; path = Projector/Assets.xcassets; sourceTree = SOURCE_ROOT; };
		CF27A072254E0158007D06D3 /* ProjectNumbers.swift */ = {isa = PBXFileReference; lastKnownFileType = sourcecode.swift; path = ProjectNumbers.swift; sourceTree = "<group>"; };
		CF2C1292237766A700F3132A /* DetailViewController.swift */ = {isa = PBXFileReference; fileEncoding = 4; lastKnownFileType = sourcecode.swift; path = DetailViewController.swift; sourceTree = "<group>"; };
		CF2C1293237766A700F3132A /* MainViewController.swift */ = {isa = PBXFileReference; fileEncoding = 4; lastKnownFileType = sourcecode.swift; path = MainViewController.swift; sourceTree = "<group>"; };
		CF2C1294237766A700F3132A /* AppDelegate.swift */ = {isa = PBXFileReference; fileEncoding = 4; lastKnownFileType = sourcecode.swift; path = AppDelegate.swift; sourceTree = "<group>"; };
		CF2C1295237766A700F3132A /* NewProjectVC.swift */ = {isa = PBXFileReference; fileEncoding = 4; lastKnownFileType = sourcecode.swift; path = NewProjectVC.swift; sourceTree = "<group>"; };
		CF321C14245D43D2005CC10E /* StepImages.swift */ = {isa = PBXFileReference; lastKnownFileType = sourcecode.swift; path = StepImages.swift; sourceTree = "<group>"; };
		CF3712C623740BAE00B2D593 /* Projector.app */ = {isa = PBXFileReference; explicitFileType = wrapper.application; includeInIndex = 0; path = Projector.app; sourceTree = BUILT_PRODUCTS_DIR; };
		CF3712CE23740BAE00B2D593 /* Base */ = {isa = PBXFileReference; lastKnownFileType = file.storyboard; name = Base; path = Base.lproj/Main.storyboard; sourceTree = "<group>"; };
		CF3712D323740BB200B2D593 /* Base */ = {isa = PBXFileReference; lastKnownFileType = file.storyboard; name = Base; path = Base.lproj/LaunchScreen.storyboard; sourceTree = "<group>"; };
		CF3712D523740BB200B2D593 /* Info.plist */ = {isa = PBXFileReference; lastKnownFileType = text.plist.xml; path = Info.plist; sourceTree = "<group>"; };
		CF594360252BA2F10036641B /* RecentActivitiesCV.swift */ = {isa = PBXFileReference; lastKnownFileType = sourcecode.swift; path = RecentActivitiesCV.swift; sourceTree = "<group>"; };
		CF5943622531B1700036641B /* ViewByCategoryCV.swift */ = {isa = PBXFileReference; lastKnownFileType = sourcecode.swift; path = ViewByCategoryCV.swift; sourceTree = "<group>"; };
		CF594364253215670036641B /* StatisticsStackView.swift */ = {isa = PBXFileReference; lastKnownFileType = sourcecode.swift; path = StatisticsStackView.swift; sourceTree = "<group>"; };
		CF5A91E6255DB6AB00FB605B /* NewProjectViewController.swift */ = {isa = PBXFileReference; lastKnownFileType = sourcecode.swift; path = NewProjectViewController.swift; sourceTree = "<group>"; };
		CF5C683D2552F86600EA6E79 /* PinterestLayout.swift */ = {isa = PBXFileReference; lastKnownFileType = sourcecode.swift; path = PinterestLayout.swift; sourceTree = "<group>"; };
		CF5C683F255324F000EA6E79 /* PinterestOriginal.swift */ = {isa = PBXFileReference; lastKnownFileType = sourcecode.swift; path = PinterestOriginal.swift; sourceTree = "<group>"; };
		CF72D38F2467E86F007FA034 /* StepItemViewController.swift */ = {isa = PBXFileReference; lastKnownFileType = sourcecode.swift; path = StepItemViewController.swift; sourceTree = "<group>"; };
		CF7ECB7524634B47006CC7FF /* StepAddItem.swift */ = {isa = PBXFileReference; lastKnownFileType = sourcecode.swift; path = StepAddItem.swift; sourceTree = "<group>"; };
		CF8792B9247A869C007EBD30 /* ClosureExample.swift */ = {isa = PBXFileReference; lastKnownFileType = sourcecode.swift; path = ClosureExample.swift; sourceTree = "<group>"; };
		CF888DA32427D01A00312407 /* FeaturedAppsController.swift */ = {isa = PBXFileReference; lastKnownFileType = sourcecode.swift; path = FeaturedAppsController.swift; sourceTree = "<group>"; };
		CF9DA836244C597300DFAEEF /* DetailViewCateg.swift */ = {isa = PBXFileReference; lastKnownFileType = sourcecode.swift; path = DetailViewCateg.swift; sourceTree = "<group>"; };
		CF9DA838244C8C1200DFAEEF /* DetailTableViewRestoreFile.swift */ = {isa = PBXFileReference; lastKnownFileType = sourcecode.swift; path = DetailTableViewRestoreFile.swift; sourceTree = "<group>"; };
		CF9DA83A244C920800DFAEEF /* DetailViewSteps.swift */ = {isa = PBXFileReference; lastKnownFileType = sourcecode.swift; path = DetailViewSteps.swift; sourceTree = "<group>"; };
		CF9DA83C244E182E00DFAEEF /* workVersionDetailVC.swift */ = {isa = PBXFileReference; lastKnownFileType = sourcecode.swift; path = workVersionDetailVC.swift; sourceTree = "<group>"; };
		CFA5878A242883A6006367AE /* CategoryCell.swift */ = {isa = PBXFileReference; lastKnownFileType = sourcecode.swift; path = CategoryCell.swift; sourceTree = "<group>"; };
		CFB3B29823741214002E2F9B /* ProjectList.swift */ = {isa = PBXFileReference; lastKnownFileType = sourcecode.swift; path = ProjectList.swift; sourceTree = "<group>"; };
		CFB3B29A2374177E002E2F9B /* ProjectStep.swift */ = {isa = PBXFileReference; lastKnownFileType = sourcecode.swift; path = ProjectStep.swift; sourceTree = "<group>"; };
		CFB5E204244883F400E304EC /* DetailProjectData.swift */ = {isa = PBXFileReference; lastKnownFileType = sourcecode.swift; path = DetailProjectData.swift; sourceTree = "<group>"; };
		CFBB7C0E24574F4D00B14349 /* StepCategory.swift */ = {isa = PBXFileReference; lastKnownFileType = sourcecode.swift; path = StepCategory.swift; sourceTree = "<group>"; };
		CFBEB8A223C23176001E96B9 /* ProjectListRepo.swift */ = {isa = PBXFileReference; lastKnownFileType = sourcecode.swift; path = ProjectListRepo.swift; sourceTree = "<group>"; };
		CFCE6D172389984F003A7EFE /* DetailViewCell.swift */ = {isa = PBXFileReference; lastKnownFileType = sourcecode.swift; path = DetailViewCell.swift; sourceTree = "<group>"; };
		CFCE6D192389B852003A7EFE /* NewStepVC.swift */ = {isa = PBXFileReference; lastKnownFileType = sourcecode.swift; path = NewStepVC.swift; sourceTree = "<group>"; };
/* End PBXFileReference section */

/* Begin PBXFrameworksBuildPhase section */
		CF3712C323740BAE00B2D593 /* Frameworks */ = {
			isa = PBXFrameworksBuildPhase;
			buildActionMask = 2147483647;
			files = (
				BD058D30C2EB436C5D7D3F46 /* Pods_Projector.framework in Frameworks */,
			);
			runOnlyForDeploymentPostprocessing = 0;
		};
/* End PBXFrameworksBuildPhase section */

/* Begin PBXGroup section */
		1CBB5DE09D890148DA389C83 /* Pods */ = {
			isa = PBXGroup;
			children = (
				020AF287354E46ED7A1A1D79 /* Pods-Projector.debug.xcconfig */,
				08D7CF4AF407F88049378636 /* Pods-Projector.release.xcconfig */,
			);
			path = Pods;
			sourceTree = "<group>";
		};
		570330C3CAEF4F54E1878C17 /* Frameworks */ = {
			isa = PBXGroup;
			children = (
				04B28B8FF43C6234BB7EFB79 /* Pods_Projector.framework */,
			);
			name = Frameworks;
			sourceTree = "<group>";
		};
		CF27A066254AB1E7007D06D3 /* Controller */ = {
			isa = PBXGroup;
			children = (
				CF27A0642548B5C4007D06D3 /* SketchShadowExtension.swift */,
				CF27A06C254D7449007D06D3 /* CustomTabBarController.swift */,
				CF5C683D2552F86600EA6E79 /* PinterestLayout.swift */,
			);
			path = Controller;
			sourceTree = "<group>";
		};
		CF3712BD23740BAE00B2D593 = {
			isa = PBXGroup;
			children = (
				CF3712C823740BAE00B2D593 /* Projector */,
				CF3712C723740BAE00B2D593 /* Products */,
				CF9DA834244C479F00DFAEEF /* Sample Files  */,
				1CBB5DE09D890148DA389C83 /* Pods */,
				570330C3CAEF4F54E1878C17 /* Frameworks */,
			);
			sourceTree = "<group>";
		};
		CF3712C723740BAE00B2D593 /* Products */ = {
			isa = PBXGroup;
			children = (
				CF3712C623740BAE00B2D593 /* Projector.app */,
			);
			name = Products;
			sourceTree = "<group>";
		};
		CF3712C823740BAE00B2D593 /* Projector */ = {
			isa = PBXGroup;
			children = (
				CF27A066254AB1E7007D06D3 /* Controller */,
				CF9DA835244C499E00DFAEEF /* Collection Views */,
				CFBEB8A123C23118001E96B9 /* Repositories */,
				CFB3B297237411E5002E2F9B /* Models */,
				CF2C1294237766A700F3132A /* AppDelegate.swift */,
				CF2C1293237766A700F3132A /* MainViewController.swift */,
				CF5A91E6255DB6AB00FB605B /* NewProjectViewController.swift */,
				CF2C1292237766A700F3132A /* DetailViewController.swift */,
				CF0DD7DA2450212A0028ABB1 /* DetailStepCell.swift */,
				CF1C51E1244F682200FBD1CE /* StepViewController.swift */,
				CF02D7AE256D9606001B522F /* StepNumbersCV.swift */,
				CF72D38F2467E86F007FA034 /* StepItemViewController.swift */,
				CF13D0ED24C891A8002FCCE1 /* EditStepVC.swift */,
				CFCE6D192389B852003A7EFE /* NewStepVC.swift */,
				CF3712CD23740BAE00B2D593 /* Main.storyboard */,
				CF27A06E254DA091007D06D3 /* Assets.xcassets */,
				CF3712D223740BB200B2D593 /* LaunchScreen.storyboard */,
				CF3712D523740BB200B2D593 /* Info.plist */,
			);
			path = Projector;
			sourceTree = "<group>";
		};
		CF9DA834244C479F00DFAEEF /* Sample Files  */ = {
			isa = PBXGroup;
			children = (
				CF7ECB7524634B47006CC7FF /* StepAddItem.swift */,
				CF279E352464115B00B79978 /* StepAddItemCell.swift */,
				CF2C1295237766A700F3132A /* NewProjectVC.swift */,
				CF0DD7E024520CCB0028ABB1 /* StepStackView.swift */,
				CFB5E204244883F400E304EC /* DetailProjectData.swift */,
				CFA5878A242883A6006367AE /* CategoryCell.swift */,
				CF0C17E4242F9790000FB582 /* ProgressModel.swift */,
				CF24E680242D1BAD00EEA027 /* Restore.swift */,
				CF888DA32427D01A00312407 /* FeaturedAppsController.swift */,
				CF9DA838244C8C1200DFAEEF /* DetailTableViewRestoreFile.swift */,
				CFCE6D172389984F003A7EFE /* DetailViewCell.swift */,
				CF9DA83A244C920800DFAEEF /* DetailViewSteps.swift */,
				CF9DA83C244E182E00DFAEEF /* workVersionDetailVC.swift */,
				CF8792B9247A869C007EBD30 /* ClosureExample.swift */,
				CF5C683F255324F000EA6E79 /* PinterestOriginal.swift */,
			);
			path = "Sample Files ";
			sourceTree = "<group>";
		};
		CF9DA835244C499E00DFAEEF /* Collection Views */ = {
			isa = PBXGroup;
			children = (
				CF24FBE22439AE260040D9F8 /* NewProjectCateg.swift */,
				CF9DA836244C597300DFAEEF /* DetailViewCateg.swift */,
				CF0DD7DE2451E8780028ABB1 /* StepImagesCV.swift */,
				CFBB7C0E24574F4D00B14349 /* StepCategory.swift */,
				CF321C14245D43D2005CC10E /* StepImages.swift */,
				CF594360252BA2F10036641B /* RecentActivitiesCV.swift */,
				CF5943622531B1700036641B /* ViewByCategoryCV.swift */,
				CF594364253215670036641B /* StatisticsStackView.swift */,
				CF27A072254E0158007D06D3 /* ProjectNumbers.swift */,
			);
			path = "Collection Views";
			sourceTree = "<group>";
		};
		CFB3B297237411E5002E2F9B /* Models */ = {
			isa = PBXGroup;
			children = (
				CFB3B29823741214002E2F9B /* ProjectList.swift */,
				CFB3B29A2374177E002E2F9B /* ProjectStep.swift */,
			);
			path = Models;
			sourceTree = "<group>";
		};
		CFBEB8A123C23118001E96B9 /* Repositories */ = {
			isa = PBXGroup;
			children = (
				CFBEB8A223C23176001E96B9 /* ProjectListRepo.swift */,
			);
			path = Repositories;
			sourceTree = "<group>";
		};
/* End PBXGroup section */

/* Begin PBXNativeTarget section */
		CF3712C523740BAE00B2D593 /* Projector */ = {
			isa = PBXNativeTarget;
			buildConfigurationList = CF3712D823740BB200B2D593 /* Build configuration list for PBXNativeTarget "Projector" */;
			buildPhases = (
				C980CE88F4DC34CBD0CCB144 /* [CP] Check Pods Manifest.lock */,
				CF3712C223740BAE00B2D593 /* Sources */,
				CF3712C323740BAE00B2D593 /* Frameworks */,
				CF3712C423740BAE00B2D593 /* Resources */,
				61E45275114475C296D6FA1C /* [CP] Embed Pods Frameworks */,
			);
			buildRules = (
			);
			dependencies = (
			);
			name = Projector;
			productName = Projector;
			productReference = CF3712C623740BAE00B2D593 /* Projector.app */;
			productType = "com.apple.product-type.application";
		};
/* End PBXNativeTarget section */

/* Begin PBXProject section */
		CF3712BE23740BAE00B2D593 /* Project object */ = {
			isa = PBXProject;
			attributes = {
				LastSwiftUpdateCheck = 1010;
				LastUpgradeCheck = 1010;
				ORGANIZATIONNAME = "Serginjo Melnik";
				TargetAttributes = {
					CF3712C523740BAE00B2D593 = {
						CreatedOnToolsVersion = 10.1;
					};
				};
			};
			buildConfigurationList = CF3712C123740BAE00B2D593 /* Build configuration list for PBXProject "Projector" */;
			compatibilityVersion = "Xcode 9.3";
			developmentRegion = en;
			hasScannedForEncodings = 0;
			knownRegions = (
				en,
				Base,
			);
			mainGroup = CF3712BD23740BAE00B2D593;
			productRefGroup = CF3712C723740BAE00B2D593 /* Products */;
			projectDirPath = "";
			projectRoot = "";
			targets = (
				CF3712C523740BAE00B2D593 /* Projector */,
			);
		};
/* End PBXProject section */

/* Begin PBXResourcesBuildPhase section */
		CF3712C423740BAE00B2D593 /* Resources */ = {
			isa = PBXResourcesBuildPhase;
			buildActionMask = 2147483647;
			files = (
				CF3712D423740BB200B2D593 /* LaunchScreen.storyboard in Resources */,
				CF27A06F254DA092007D06D3 /* Assets.xcassets in Resources */,
				CF3712CF23740BAE00B2D593 /* Main.storyboard in Resources */,
			);
			runOnlyForDeploymentPostprocessing = 0;
		};
/* End PBXResourcesBuildPhase section */

/* Begin PBXShellScriptBuildPhase section */
		61E45275114475C296D6FA1C /* [CP] Embed Pods Frameworks */ = {
			isa = PBXShellScriptBuildPhase;
			buildActionMask = 2147483647;
			files = (
			);
			inputFileListPaths = (
				"${PODS_ROOT}/Target Support Files/Pods-Projector/Pods-Projector-frameworks-${CONFIGURATION}-input-files.xcfilelist",
			);
			name = "[CP] Embed Pods Frameworks";
			outputFileListPaths = (
				"${PODS_ROOT}/Target Support Files/Pods-Projector/Pods-Projector-frameworks-${CONFIGURATION}-output-files.xcfilelist",
			);
			runOnlyForDeploymentPostprocessing = 0;
			shellPath = /bin/sh;
			shellScript = "\"${PODS_ROOT}/Target Support Files/Pods-Projector/Pods-Projector-frameworks.sh\"\n";
			showEnvVarsInLog = 0;
		};
		C980CE88F4DC34CBD0CCB144 /* [CP] Check Pods Manifest.lock */ = {
			isa = PBXShellScriptBuildPhase;
			buildActionMask = 2147483647;
			files = (
			);
			inputFileListPaths = (
			);
			inputPaths = (
				"${PODS_PODFILE_DIR_PATH}/Podfile.lock",
				"${PODS_ROOT}/Manifest.lock",
			);
			name = "[CP] Check Pods Manifest.lock";
			outputFileListPaths = (
			);
			outputPaths = (
				"$(DERIVED_FILE_DIR)/Pods-Projector-checkManifestLockResult.txt",
			);
			runOnlyForDeploymentPostprocessing = 0;
			shellPath = /bin/sh;
			shellScript = "diff \"${PODS_PODFILE_DIR_PATH}/Podfile.lock\" \"${PODS_ROOT}/Manifest.lock\" > /dev/null\nif [ $? != 0 ] ; then\n    # print error to STDERR\n    echo \"error: The sandbox is not in sync with the Podfile.lock. Run 'pod install' or update your CocoaPods installation.\" >&2\n    exit 1\nfi\n# This output is used by Xcode 'outputs' to avoid re-running this script phase.\necho \"SUCCESS\" > \"${SCRIPT_OUTPUT_FILE_0}\"\n";
			showEnvVarsInLog = 0;
		};
/* End PBXShellScriptBuildPhase section */

/* Begin PBXSourcesBuildPhase section */
		CF3712C223740BAE00B2D593 /* Sources */ = {
			isa = PBXSourcesBuildPhase;
			buildActionMask = 2147483647;
			files = (
				CF594365253215670036641B /* StatisticsStackView.swift in Sources */,
				CF1C51E2244F682200FBD1CE /* StepViewController.swift in Sources */,
				CFA5878B242883A6006367AE /* CategoryCell.swift in Sources */,
				CF594361252BA2F20036641B /* RecentActivitiesCV.swift in Sources */,
				CF2C1299237766A700F3132A /* AppDelegate.swift in Sources */,
				CF2C1298237766A700F3132A /* MainViewController.swift in Sources */,
				CF13D0EE24C891A8002FCCE1 /* EditStepVC.swift in Sources */,
				CF27A06D254D7449007D06D3 /* CustomTabBarController.swift in Sources */,
				CF0DD7DB2450212A0028ABB1 /* DetailStepCell.swift in Sources */,
				CF5A91E7255DB6AB00FB605B /* NewProjectViewController.swift in Sources */,
				CFCE6D182389984F003A7EFE /* DetailViewCell.swift in Sources */,
				CF0DD7DF2451E8780028ABB1 /* StepImagesCV.swift in Sources */,
				CF8792BA247A869C007EBD30 /* ClosureExample.swift in Sources */,
				CFBEB8A323C23176001E96B9 /* ProjectListRepo.swift in Sources */,
				CF9DA83D244E182E00DFAEEF /* workVersionDetailVC.swift in Sources */,
				CF24FBE32439AE260040D9F8 /* NewProjectCateg.swift in Sources */,
				CF279E362464115B00B79978 /* StepAddItemCell.swift in Sources */,
				CF0DD7E124520CCB0028ABB1 /* StepStackView.swift in Sources */,
				CF9DA839244C8C1200DFAEEF /* DetailTableViewRestoreFile.swift in Sources */,
				CF02D7AF256D9606001B522F /* StepNumbersCV.swift in Sources */,
				CF24E681242D1BAD00EEA027 /* Restore.swift in Sources */,
				CF27A0652548B5C4007D06D3 /* SketchShadowExtension.swift in Sources */,
				CF9DA83B244C920800DFAEEF /* DetailViewSteps.swift in Sources */,
				CF9DA837244C597300DFAEEF /* DetailViewCateg.swift in Sources */,
				CF27A073254E0158007D06D3 /* ProjectNumbers.swift in Sources */,
				CF7ECB7624634B47006CC7FF /* StepAddItem.swift in Sources */,
				CF2C129A237766A700F3132A /* NewProjectVC.swift in Sources */,
				CF5943632531B1700036641B /* ViewByCategoryCV.swift in Sources */,
				CFCE6D1A2389B852003A7EFE /* NewStepVC.swift in Sources */,
				CF0C17E5242F9790000FB582 /* ProgressModel.swift in Sources */,
				CF321C15245D43D2005CC10E /* StepImages.swift in Sources */,
				CFB5E205244883F400E304EC /* DetailProjectData.swift in Sources */,
				CF5C6840255324F000EA6E79 /* PinterestOriginal.swift in Sources */,
				CFB3B29923741214002E2F9B /* ProjectList.swift in Sources */,
				CFBB7C0F24574F4D00B14349 /* StepCategory.swift in Sources */,
				CF2C1297237766A700F3132A /* DetailViewController.swift in Sources */,
				CFB3B29B2374177E002E2F9B /* ProjectStep.swift in Sources */,
				CF888DA42427D01A00312407 /* FeaturedAppsController.swift in Sources */,
				CF5C683E2552F86600EA6E79 /* PinterestLayout.swift in Sources */,
				CF72D3902467E86F007FA034 /* StepItemViewController.swift in Sources */,
			);
			runOnlyForDeploymentPostprocessing = 0;
		};
/* End PBXSourcesBuildPhase section */

/* Begin PBXVariantGroup section */
		CF3712CD23740BAE00B2D593 /* Main.storyboard */ = {
			isa = PBXVariantGroup;
			children = (
				CF3712CE23740BAE00B2D593 /* Base */,
			);
			name = Main.storyboard;
			sourceTree = "<group>";
		};
		CF3712D223740BB200B2D593 /* LaunchScreen.storyboard */ = {
			isa = PBXVariantGroup;
			children = (
				CF3712D323740BB200B2D593 /* Base */,
			);
			name = LaunchScreen.storyboard;
			sourceTree = "<group>";
		};
/* End PBXVariantGroup section */

/* Begin XCBuildConfiguration section */
		CF3712D623740BB200B2D593 /* Debug */ = {
			isa = XCBuildConfiguration;
			buildSettings = {
				ALWAYS_SEARCH_USER_PATHS = NO;
				CLANG_ANALYZER_NONNULL = YES;
				CLANG_ANALYZER_NUMBER_OBJECT_CONVERSION = YES_AGGRESSIVE;
				CLANG_CXX_LANGUAGE_STANDARD = "gnu++14";
				CLANG_CXX_LIBRARY = "libc++";
				CLANG_ENABLE_MODULES = YES;
				CLANG_ENABLE_OBJC_ARC = YES;
				CLANG_ENABLE_OBJC_WEAK = YES;
				CLANG_WARN_BLOCK_CAPTURE_AUTORELEASING = YES;
				CLANG_WARN_BOOL_CONVERSION = YES;
				CLANG_WARN_COMMA = YES;
				CLANG_WARN_CONSTANT_CONVERSION = YES;
				CLANG_WARN_DEPRECATED_OBJC_IMPLEMENTATIONS = YES;
				CLANG_WARN_DIRECT_OBJC_ISA_USAGE = YES_ERROR;
				CLANG_WARN_DOCUMENTATION_COMMENTS = YES;
				CLANG_WARN_EMPTY_BODY = YES;
				CLANG_WARN_ENUM_CONVERSION = YES;
				CLANG_WARN_INFINITE_RECURSION = YES;
				CLANG_WARN_INT_CONVERSION = YES;
				CLANG_WARN_NON_LITERAL_NULL_CONVERSION = YES;
				CLANG_WARN_OBJC_IMPLICIT_RETAIN_SELF = YES;
				CLANG_WARN_OBJC_LITERAL_CONVERSION = YES;
				CLANG_WARN_OBJC_ROOT_CLASS = YES_ERROR;
				CLANG_WARN_RANGE_LOOP_ANALYSIS = YES;
				CLANG_WARN_STRICT_PROTOTYPES = YES;
				CLANG_WARN_SUSPICIOUS_MOVE = YES;
				CLANG_WARN_UNGUARDED_AVAILABILITY = YES_AGGRESSIVE;
				CLANG_WARN_UNREACHABLE_CODE = YES;
				CLANG_WARN__DUPLICATE_METHOD_MATCH = YES;
				CODE_SIGN_IDENTITY = "iPhone Developer";
				COPY_PHASE_STRIP = NO;
				DEBUG_INFORMATION_FORMAT = dwarf;
				ENABLE_STRICT_OBJC_MSGSEND = YES;
				ENABLE_TESTABILITY = YES;
				GCC_C_LANGUAGE_STANDARD = gnu11;
				GCC_DYNAMIC_NO_PIC = NO;
				GCC_NO_COMMON_BLOCKS = YES;
				GCC_OPTIMIZATION_LEVEL = 0;
				GCC_PREPROCESSOR_DEFINITIONS = (
					"DEBUG=1",
					"$(inherited)",
				);
				GCC_WARN_64_TO_32_BIT_CONVERSION = YES;
				GCC_WARN_ABOUT_RETURN_TYPE = YES_ERROR;
				GCC_WARN_UNDECLARED_SELECTOR = YES;
				GCC_WARN_UNINITIALIZED_AUTOS = YES_AGGRESSIVE;
				GCC_WARN_UNUSED_FUNCTION = YES;
				GCC_WARN_UNUSED_VARIABLE = YES;
				IPHONEOS_DEPLOYMENT_TARGET = 12.1;
				MTL_ENABLE_DEBUG_INFO = INCLUDE_SOURCE;
				MTL_FAST_MATH = YES;
				ONLY_ACTIVE_ARCH = YES;
				SDKROOT = iphoneos;
				SWIFT_ACTIVE_COMPILATION_CONDITIONS = DEBUG;
				SWIFT_OPTIMIZATION_LEVEL = "-Onone";
			};
			name = Debug;
		};
		CF3712D723740BB200B2D593 /* Release */ = {
			isa = XCBuildConfiguration;
			buildSettings = {
				ALWAYS_SEARCH_USER_PATHS = NO;
				CLANG_ANALYZER_NONNULL = YES;
				CLANG_ANALYZER_NUMBER_OBJECT_CONVERSION = YES_AGGRESSIVE;
				CLANG_CXX_LANGUAGE_STANDARD = "gnu++14";
				CLANG_CXX_LIBRARY = "libc++";
				CLANG_ENABLE_MODULES = YES;
				CLANG_ENABLE_OBJC_ARC = YES;
				CLANG_ENABLE_OBJC_WEAK = YES;
				CLANG_WARN_BLOCK_CAPTURE_AUTORELEASING = YES;
				CLANG_WARN_BOOL_CONVERSION = YES;
				CLANG_WARN_COMMA = YES;
				CLANG_WARN_CONSTANT_CONVERSION = YES;
				CLANG_WARN_DEPRECATED_OBJC_IMPLEMENTATIONS = YES;
				CLANG_WARN_DIRECT_OBJC_ISA_USAGE = YES_ERROR;
				CLANG_WARN_DOCUMENTATION_COMMENTS = YES;
				CLANG_WARN_EMPTY_BODY = YES;
				CLANG_WARN_ENUM_CONVERSION = YES;
				CLANG_WARN_INFINITE_RECURSION = YES;
				CLANG_WARN_INT_CONVERSION = YES;
				CLANG_WARN_NON_LITERAL_NULL_CONVERSION = YES;
				CLANG_WARN_OBJC_IMPLICIT_RETAIN_SELF = YES;
				CLANG_WARN_OBJC_LITERAL_CONVERSION = YES;
				CLANG_WARN_OBJC_ROOT_CLASS = YES_ERROR;
				CLANG_WARN_RANGE_LOOP_ANALYSIS = YES;
				CLANG_WARN_STRICT_PROTOTYPES = YES;
				CLANG_WARN_SUSPICIOUS_MOVE = YES;
				CLANG_WARN_UNGUARDED_AVAILABILITY = YES_AGGRESSIVE;
				CLANG_WARN_UNREACHABLE_CODE = YES;
				CLANG_WARN__DUPLICATE_METHOD_MATCH = YES;
				CODE_SIGN_IDENTITY = "iPhone Developer";
				COPY_PHASE_STRIP = NO;
				DEBUG_INFORMATION_FORMAT = "dwarf-with-dsym";
				ENABLE_NS_ASSERTIONS = NO;
				ENABLE_STRICT_OBJC_MSGSEND = YES;
				GCC_C_LANGUAGE_STANDARD = gnu11;
				GCC_NO_COMMON_BLOCKS = YES;
				GCC_WARN_64_TO_32_BIT_CONVERSION = YES;
				GCC_WARN_ABOUT_RETURN_TYPE = YES_ERROR;
				GCC_WARN_UNDECLARED_SELECTOR = YES;
				GCC_WARN_UNINITIALIZED_AUTOS = YES_AGGRESSIVE;
				GCC_WARN_UNUSED_FUNCTION = YES;
				GCC_WARN_UNUSED_VARIABLE = YES;
				IPHONEOS_DEPLOYMENT_TARGET = 12.1;
				MTL_ENABLE_DEBUG_INFO = NO;
				MTL_FAST_MATH = YES;
				SDKROOT = iphoneos;
				SWIFT_COMPILATION_MODE = wholemodule;
				SWIFT_OPTIMIZATION_LEVEL = "-O";
				VALIDATE_PRODUCT = YES;
			};
			name = Release;
		};
		CF3712D923740BB200B2D593 /* Debug */ = {
			isa = XCBuildConfiguration;
			baseConfigurationReference = 020AF287354E46ED7A1A1D79 /* Pods-Projector.debug.xcconfig */;
			buildSettings = {
				ASSETCATALOG_COMPILER_APPICON_NAME = AppIcon;
				CODE_SIGN_STYLE = Automatic;
				DEVELOPMENT_TEAM = UF353UV4DH;
				INFOPLIST_FILE = Projector/Info.plist;
				LD_RUNPATH_SEARCH_PATHS = (
					"$(inherited)",
					"@executable_path/Frameworks",
				);
				PRODUCT_BUNDLE_IDENTIFIER = "serginjo-m.Projector";
				PRODUCT_NAME = "$(TARGET_NAME)";
				SWIFT_VERSION = 4.2;
				TARGETED_DEVICE_FAMILY = 1;
			};
			name = Debug;
		};
		CF3712DA23740BB200B2D593 /* Release */ = {
			isa = XCBuildConfiguration;
			baseConfigurationReference = 08D7CF4AF407F88049378636 /* Pods-Projector.release.xcconfig */;
			buildSettings = {
				ASSETCATALOG_COMPILER_APPICON_NAME = AppIcon;
				CODE_SIGN_STYLE = Automatic;
				DEVELOPMENT_TEAM = UF353UV4DH;
				INFOPLIST_FILE = Projector/Info.plist;
				LD_RUNPATH_SEARCH_PATHS = (
					"$(inherited)",
					"@executable_path/Frameworks",
				);
				PRODUCT_BUNDLE_IDENTIFIER = "serginjo-m.Projector";
				PRODUCT_NAME = "$(TARGET_NAME)";
				SWIFT_VERSION = 4.2;
				TARGETED_DEVICE_FAMILY = 1;
			};
			name = Release;
		};
/* End XCBuildConfiguration section */

/* Begin XCConfigurationList section */
		CF3712C123740BAE00B2D593 /* Build configuration list for PBXProject "Projector" */ = {
			isa = XCConfigurationList;
			buildConfigurations = (
				CF3712D623740BB200B2D593 /* Debug */,
				CF3712D723740BB200B2D593 /* Release */,
			);
			defaultConfigurationIsVisible = 0;
			defaultConfigurationName = Release;
		};
		CF3712D823740BB200B2D593 /* Build configuration list for PBXNativeTarget "Projector" */ = {
			isa = XCConfigurationList;
			buildConfigurations = (
				CF3712D923740BB200B2D593 /* Debug */,
				CF3712DA23740BB200B2D593 /* Release */,
			);
			defaultConfigurationIsVisible = 0;
			defaultConfigurationName = Release;
		};
/* End XCConfigurationList section */
	};
	rootObject = CF3712BE23740BAE00B2D593 /* Project object */;
}
